
Microsoft Visual Studio Solution File, Format Version 12.00
# Visual Studio Version 16
VisualStudioVersion = 16.0.30128.74
MinimumVisualStudioVersion = 10.0.40219.1
Project("{FAE04EC0-301F-11D3-BF4B-00C04F79EFBC}") = "Laba2Task2", "Laba2Task2\Laba2Task2.csproj", "{FEF36E8D-E72B-4C8E-A263-FA6C0818ABF3}"
EndProject
Global
	GlobalSection(SolutionConfigurationPlatforms) = preSolution
		Debug|Any CPU = Debug|Any CPU
		Release|Any CPU = Release|Any CPU
	EndGlobalSection
	GlobalSection(ProjectConfigurationPlatforms) = postSolution
		{FEF36E8D-E72B-4C8E-A263-FA6C0818ABF3}.Debug|Any CPU.ActiveCfg = Debug|Any CPU
		{FEF36E8D-E72B-4C8E-A263-FA6C0818ABF3}.Debug|Any CPU.Build.0 = Debug|Any CPU
		{FEF36E8D-E72B-4C8E-A263-FA6C0818ABF3}.Release|Any CPU.ActiveCfg = Release|Any CPU
		{FEF36E8D-E72B-4C8E-A263-FA6C0818ABF3}.Release|Any CPU.Build.0 = Release|Any CPU
	EndGlobalSection
	GlobalSection(SolutionProperties) = preSolution
		HideSolutionNode = FALSE
	EndGlobalSection
	GlobalSection(ExtensibilityGlobals) = postSolution
		SolutionGuid = {BBA44E8A-E5EF-4604-9E5C-B7DB9FBCD681}
	EndGlobalSection
EndGlobal
